
Microsoft Visual Studio Solution File, Format Version 12.00
# Visual Studio Version 17
VisualStudioVersion = 17.0.31903.59
MinimumVisualStudioVersion = 10.0.40219.1
Project("{2150E333-8FDC-42A3-9474-1A3956D46DE8}") = "src", "src", "{827E0CD3-B72D-47B6-A68D-7590B98EB39B}"
EndProject
Project("{FAE04EC0-301F-11D3-BF4B-00C04F79EFBC}") = "GalactiLog.Core", "src\GalactiLog.Core\GalactiLog.Core.csproj", "{BDDADC70-895C-404F-807B-09DC71591044}"
EndProject
Project("{FAE04EC0-301F-11D3-BF4B-00C04F79EFBC}") = "GalactiLog.Data", "src\GalactiLog.Data\GalactiLog.Data.csproj", "{BDEF818F-83D9-4A8B-855D-2535DD3CE8B3}"
EndProject
Project("{FAE04EC0-301F-11D3-BF4B-00C04F79EFBC}") = "GalactiLog.App", "src\GalactiLog.App\GalactiLog.App.csproj", "{8E57745A-5B8D-48CC-BCA2-FAA921A00132}"
EndProject
Project("{FAE04EC0-301F-11D3-BF4B-00C04F79EFBC}") = "GalactiLog.Cli", "src\GalactiLog.Cli\GalactiLog.Cli.csproj", "{9E91D35B-7228-475C-8EE2-11FF80DAEE76}"
EndProject
Project("{2150E333-8FDC-42A3-9474-1A3956D46DE8}") = "tests", "tests", "{0AB3BF05-4346-4AA6-1389-037BE0695223}"
EndProject
Project("{FAE04EC0-301F-11D3-BF4B-00C04F79EFBC}") = "GalactiLog.Core.Tests", "tests\GalactiLog.Core.Tests\GalactiLog.Core.Tests.csproj", "{672BAF57-FF35-49EA-8FF0-275BFA68654F}"
EndProject
Project("{FAE04EC0-301F-11D3-BF4B-00C04F79EFBC}") = "GalactiLog.Data.Tests", "tests\GalactiLog.Data.Tests\GalactiLog.Data.Tests.csproj", "{7EDECFA6-F4B0-41D9-B2DA-97260CD1784E}"
EndProject
Project("{FAE04EC0-301F-11D3-BF4B-00C04F79EFBC}") = "GalactiLog.App.Tests", "tests\GalactiLog.App.Tests\GalactiLog.App.Tests.csproj", "{7C2C5CEA-705A-449A-832E-5FC57D1ADC29}"
EndProject
Project("{FAE04EC0-301F-11D3-BF4B-00C04F79EFBC}") = "GalactiLog.Cli.Tests", "tests\GalactiLog.Cli.Tests\GalactiLog.Cli.Tests.csproj", "{9C0705E6-FAEC-4D29-A3E0-34E961189E6C}"
EndProject
Global
	GlobalSection(SolutionConfigurationPlatforms) = preSolution
		Debug|Any CPU = Debug|Any CPU
		Debug|x64 = Debug|x64
		Debug|x86 = Debug|x86
		Release|Any CPU = Release|Any CPU
		Release|x64 = Release|x64
		Release|x86 = Release|x86
	EndGlobalSection
	GlobalSection(ProjectConfigurationPlatforms) = postSolution
		{BDDADC70-895C-404F-807B-09DC71591044}.Debug|Any CPU.ActiveCfg = Debug|Any CPU
		{BDDADC70-895C-404F-807B-09DC71591044}.Debug|Any CPU.Build.0 = Debug|Any CPU
		{BDDADC70-895C-404F-807B-09DC71591044}.Debug|x64.ActiveCfg = Debug|Any CPU
		{BDDADC70-895C-404F-807B-09DC71591044}.Debug|x64.Build.0 = Debug|Any CPU
		{BDDADC70-895C-404F-807B-09DC71591044}.Debug|x86.ActiveCfg = Debug|Any CPU
		{BDDADC70-895C-404F-807B-09DC71591044}.Debug|x86.Build.0 = Debug|Any CPU
		{BDDADC70-895C-404F-807B-09DC71591044}.Release|Any CPU.ActiveCfg = Release|Any CPU
		{BDDADC70-895C-404F-807B-09DC71591044}.Release|Any CPU.Build.0 = Release|Any CPU
		{BDDADC70-895C-404F-807B-09DC71591044}.Release|x64.ActiveCfg = Release|Any CPU
		{BDDADC70-895C-404F-807B-09DC71591044}.Release|x64.Build.0 = Release|Any CPU
		{BDDADC70-895C-404F-807B-09DC71591044}.Release|x86.ActiveCfg = Release|Any CPU
		{BDDADC70-895C-404F-807B-09DC71591044}.Release|x86.Build.0 = Release|Any CPU
		{BDEF818F-83D9-4A8B-855D-2535DD3CE8B3}.Debug|Any CPU.ActiveCfg = Debug|Any CPU
		{BDEF818F-83D9-4A8B-855D-2535DD3CE8B3}.Debug|Any CPU.Build.0 = Debug|Any CPU
		{BDEF818F-83D9-4A8B-855D-2535DD3CE8B3}.Debug|x64.ActiveCfg = Debug|Any CPU
		{BDEF818F-83D9-4A8B-855D-2535DD3CE8B3}.Debug|x64.Build.0 = Debug|Any CPU
		{BDEF818F-83D9-4A8B-855D-2535DD3CE8B3}.Debug|x86.ActiveCfg = Debug|Any CPU
		{BDEF818F-83D9-4A8B-855D-2535DD3CE8B3}.Debug|x86.Build.0 = Debug|Any CPU
		{BDEF818F-83D9-4A8B-855D-2535DD3CE8B3}.Release|Any CPU.ActiveCfg = Release|Any CPU
		{BDEF818F-83D9-4A8B-855D-2535DD3CE8B3}.Release|Any CPU.Build.0 = Release|Any CPU
		{BDEF818F-83D9-4A8B-855D-2535DD3CE8B3}.Release|x64.ActiveCfg = Release|Any CPU
		{BDEF818F-83D9-4A8B-855D-2535DD3CE8B3}.Release|x64.Build.0 = Release|Any CPU
		{BDEF818F-83D9-4A8B-855D-2535DD3CE8B3}.Release|x86.ActiveCfg = Release|Any CPU
		{BDEF818F-83D9-4A8B-855D-2535DD3CE8B3}.Release|x86.Build.0 = Release|Any CPU
		{8E57745A-5B8D-48CC-BCA2-FAA921A00132}.Debug|Any CPU.ActiveCfg = Debug|Any CPU
		{8E57745A-5B8D-48CC-BCA2-FAA921A00132}.Debug|Any CPU.Build.0 = Debug|Any CPU
		{8E57745A-5B8D-48CC-BCA2-FAA921A00132}.Debug|x64.ActiveCfg = Debug|Any CPU
		{8E57745A-5B8D-48CC-BCA2-FAA921A00132}.Debug|x64.Build.0 = Debug|Any CPU
		{8E57745A-5B8D-48CC-BCA2-FAA921A00132}.Debug|x86.ActiveCfg = Debug|Any CPU
		{8E57745A-5B8D-48CC-BCA2-FAA921A00132}.Debug|x86.Build.0 = Debug|Any CPU
		{8E57745A-5B8D-48CC-BCA2-FAA921A00132}.Release|Any CPU.ActiveCfg = Release|Any CPU
		{8E57745A-5B8D-48CC-BCA2-FAA921A00132}.Release|Any CPU.Build.0 = Release|Any CPU
		{8E57745A-5B8D-48CC-BCA2-FAA921A00132}.Release|x64.ActiveCfg = Release|Any CPU
		{8E57745A-5B8D-48CC-BCA2-FAA921A00132}.Release|x64.Build.0 = Release|Any CPU
		{8E57745A-5B8D-48CC-BCA2-FAA921A00132}.Release|x86.ActiveCfg = Release|Any CPU
		{8E57745A-5B8D-48CC-BCA2-FAA921A00132}.Release|x86.Build.0 = Release|Any CPU
		{9E91D35B-7228-475C-8EE2-11FF80DAEE76}.Debug|Any CPU.ActiveCfg = Debug|Any CPU
		{9E91D35B-7228-475C-8EE2-11FF80DAEE76}.Debug|Any CPU.Build.0 = Debug|Any CPU
		{9E91D35B-7228-475C-8EE2-11FF80DAEE76}.Debug|x64.ActiveCfg = Debug|Any CPU
		{9E91D35B-7228-475C-8EE2-11FF80DAEE76}.Debug|x64.Build.0 = Debug|Any CPU
		{9E91D35B-7228-475C-8EE2-11FF80DAEE76}.Debug|x86.ActiveCfg = Debug|Any CPU
		{9E91D35B-7228-475C-8EE2-11FF80DAEE76}.Debug|x86.Build.0 = Debug|Any CPU
		{9E91D35B-7228-475C-8EE2-11FF80DAEE76}.Release|Any CPU.ActiveCfg = Release|Any CPU
		{9E91D35B-7228-475C-8EE2-11FF80DAEE76}.Release|Any CPU.Build.0 = Release|Any CPU
		{9E91D35B-7228-475C-8EE2-11FF80DAEE76}.Release|x64.ActiveCfg = Release|Any CPU
		{9E91D35B-7228-475C-8EE2-11FF80DAEE76}.Release|x64.Build.0 = Release|Any CPU
		{9E91D35B-7228-475C-8EE2-11FF80DAEE76}.Release|x86.ActiveCfg = Release|Any CPU
		{9E91D35B-7228-475C-8EE2-11FF80DAEE76}.Release|x86.Build.0 = Release|Any CPU
		{672BAF57-FF35-49EA-8FF0-275BFA68654F}.Debug|Any CPU.ActiveCfg = Debug|Any CPU
		{672BAF57-FF35-49EA-8FF0-275BFA68654F}.Debug|Any CPU.Build.0 = Debug|Any CPU
		{672BAF57-FF35-49EA-8FF0-275BFA68654F}.Debug|x64.ActiveCfg = Debug|Any CPU
		{672BAF57-FF35-49EA-8FF0-275BFA68654F}.Debug|x64.Build.0 = Debug|Any CPU
		{672BAF57-FF35-49EA-8FF0-275BFA68654F}.Debug|x86.ActiveCfg = Debug|Any CPU
		{672BAF57-FF35-49EA-8FF0-275BFA68654F}.Debug|x86.Build.0 = Debug|Any CPU
		{672BAF57-FF35-49EA-8FF0-275BFA68654F}.Release|Any CPU.ActiveCfg = Release|Any CPU
		{672BAF57-FF35-49EA-8FF0-275BFA68654F}.Release|Any CPU.Build.0 = Release|Any CPU
		{672BAF57-FF35-49EA-8FF0-275BFA68654F}.Release|x64.ActiveCfg = Release|Any CPU
		{672BAF57-FF35-49EA-8FF0-275BFA68654F}.Release|x64.Build.0 = Release|Any CPU
		{672BAF57-FF35-49EA-8FF0-275BFA68654F}.Release|x86.ActiveCfg = Release|Any CPU
		{672BAF57-FF35-49EA-8FF0-275BFA68654F}.Release|x86.Build.0 = Release|Any CPU
		{7EDECFA6-F4B0-41D9-B2DA-97260CD1784E}.Debug|Any CPU.ActiveCfg = Debug|Any CPU
		{7EDECFA6-F4B0-41D9-B2DA-97260CD1784E}.Debug|Any CPU.Build.0 = Debug|Any CPU
		{7EDECFA6-F4B0-41D9-B2DA-97260CD1784E}.Debug|x64.ActiveCfg = Debug|Any CPU
		{7EDECFA6-F4B0-41D9-B2DA-97260CD1784E}.Debug|x64.Build.0 = Debug|Any CPU
		{7EDECFA6-F4B0-41D9-B2DA-97260CD1784E}.Debug|x86.ActiveCfg = Debug|Any CPU
		{7EDECFA6-F4B0-41D9-B2DA-97260CD1784E}.Debug|x86.Build.0 = Debug|Any CPU
		{7EDECFA6-F4B0-41D9-B2DA-97260CD1784E}.Release|Any CPU.ActiveCfg = Release|Any CPU
		{7EDECFA6-F4B0-41D9-B2DA-97260CD1784E}.Release|Any CPU.Build.0 = Release|Any CPU
		{7EDECFA6-F4B0-41D9-B2DA-97260CD1784E}.Release|x64.ActiveCfg = Release|Any CPU
		{7EDECFA6-F4B0-41D9-B2DA-97260CD1784E}.Release|x64.Build.0 = Release|Any CPU
		{7EDECFA6-F4B0-41D9-B2DA-97260CD1784E}.Release|x86.ActiveCfg = Release|Any CPU
		{7EDECFA6-F4B0-41D9-B2DA-97260CD1784E}.Release|x86.Build.0 = Release|Any CPU
		{7C2C5CEA-705A-449A-832E-5FC57D1ADC29}.Debug|Any CPU.ActiveCfg = Debug|Any CPU
		{7C2C5CEA-705A-449A-832E-5FC57D1ADC29}.Debug|Any CPU.Build.0 = Debug|Any CPU
		{7C2C5CEA-705A-449A-832E-5FC57D1ADC29}.Debug|x64.ActiveCfg = Debug|Any CPU
		{7C2C5CEA-705A-449A-832E-5FC57D1ADC29}.Debug|x64.Build.0 = Debug|Any CPU
		{7C2C5CEA-705A-449A-832E-5FC57D1ADC29}.Debug|x86.ActiveCfg = Debug|Any CPU
		{7C2C5CEA-705A-449A-832E-5FC57D1ADC29}.Debug|x86.Build.0 = Debug|Any CPU
		{7C2C5CEA-705A-449A-832E-5FC57D1ADC29}.Release|Any CPU.ActiveCfg = Release|Any CPU
		{7C2C5CEA-705A-449A-832E-5FC57D1ADC29}.Release|Any CPU.Build.0 = Release|Any CPU
		{7C2C5CEA-705A-449A-832E-5FC57D1ADC29}.Release|x64.ActiveCfg = Release|Any CPU
		{7C2C5CEA-705A-449A-832E-5FC57D1ADC29}.Release|x64.Build.0 = Release|Any CPU
		{7C2C5CEA-705A-449A-832E-5FC57D1ADC29}.Release|x86.ActiveCfg = Release|Any CPU
		{7C2C5CEA-705A-449A-832E-5FC57D1ADC29}.Release|x86.Build.0 = Release|Any CPU
		{9C0705E6-FAEC-4D29-A3E0-34E961189E6C}.Debug|Any CPU.ActiveCfg = Debug|Any CPU
		{9C0705E6-FAEC-4D29-A3E0-34E961189E6C}.Debug|Any CPU.Build.0 = Debug|Any CPU
		{9C0705E6-FAEC-4D29-A3E0-34E961189E6C}.Debug|x64.ActiveCfg = Debug|Any CPU
		{9C0705E6-FAEC-4D29-A3E0-34E961189E6C}.Debug|x64.Build.0 = Debug|Any CPU
		{9C0705E6-FAEC-4D29-A3E0-34E961189E6C}.Debug|x86.ActiveCfg = Debug|Any CPU
		{9C0705E6-FAEC-4D29-A3E0-34E961189E6C}.Debug|x86.Build.0 = Debug|Any CPU
		{9C0705E6-FAEC-4D29-A3E0-34E961189E6C}.Release|Any CPU.ActiveCfg = Release|Any CPU
		{9C0705E6-FAEC-4D29-A3E0-34E961189E6C}.Release|Any CPU.Build.0 = Release|Any CPU
		{9C0705E6-FAEC-4D29-A3E0-34E961189E6C}.Release|x64.ActiveCfg = Release|Any CPU
		{9C0705E6-FAEC-4D29-A3E0-34E961189E6C}.Release|x64.Build.0 = Release|Any CPU
		{9C0705E6-FAEC-4D29-A3E0-34E961189E6C}.Release|x86.ActiveCfg = Release|Any CPU
		{9C0705E6-FAEC-4D29-A3E0-34E961189E6C}.Release|x86.Build.0 = Release|Any CPU
	EndGlobalSection
	GlobalSection(SolutionProperties) = preSolution
		HideSolutionNode = FALSE
	EndGlobalSection
	GlobalSection(NestedProjects) = preSolution
		{BDDADC70-895C-404F-807B-09DC71591044} = {827E0CD3-B72D-47B6-A68D-7590B98EB39B}
		{BDEF818F-83D9-4A8B-855D-2535DD3CE8B3} = {827E0CD3-B72D-47B6-A68D-7590B98EB39B}
		{8E57745A-5B8D-48CC-BCA2-FAA921A00132} = {827E0CD3-B72D-47B6-A68D-7590B98EB39B}
		{9E91D35B-7228-475C-8EE2-11FF80DAEE76} = {827E0CD3-B72D-47B6-A68D-7590B98EB39B}
		{672BAF57-FF35-49EA-8FF0-275BFA68654F} = {0AB3BF05-4346-4AA6-1389-037BE0695223}
		{7EDECFA6-F4B0-41D9-B2DA-97260CD1784E} = {0AB3BF05-4346-4AA6-1389-037BE0695223}
		{7C2C5CEA-705A-449A-832E-5FC57D1ADC29} = {0AB3BF05-4346-4AA6-1389-037BE0695223}
		{9C0705E6-FAEC-4D29-A3E0-34E961189E6C} = {0AB3BF05-4346-4AA6-1389-037BE0695223}
	EndGlobalSection
EndGlobal
